
Microsoft Visual Studio Solution File, Format Version 12.00
# Visual Studio Version 16
VisualStudioVersion = 16.0.31005.135
MinimumVisualStudioVersion = 10.0.40219.1
Project("{FAE04EC0-301F-11D3-BF4B-00C04F79EFBC}") = "Konwersje typów i rzutowania1", "Konwersje typów i rzutowania1\Konwersje typów i rzutowania1.csproj", "{9B84F096-5FA9-4A71-850D-94E0EF7BA34C}"
EndProject
Global
	GlobalSection(SolutionConfigurationPlatforms) = preSolution
		Debug|Any CPU = Debug|Any CPU
		Release|Any CPU = Release|Any CPU
	EndGlobalSection
	GlobalSection(ProjectConfigurationPlatforms) = postSolution
		{9B84F096-5FA9-4A71-850D-94E0EF7BA34C}.Debug|Any CPU.ActiveCfg = Debug|Any CPU
		{9B84F096-5FA9-4A71-850D-94E0EF7BA34C}.Debug|Any CPU.Build.0 = Debug|Any CPU
		{9B84F096-5FA9-4A71-850D-94E0EF7BA34C}.Release|Any CPU.ActiveCfg = Release|Any CPU
		{9B84F096-5FA9-4A71-850D-94E0EF7BA34C}.Release|Any CPU.Build.0 = Release|Any CPU
	EndGlobalSection
	GlobalSection(SolutionProperties) = preSolution
		HideSolutionNode = FALSE
	EndGlobalSection
	GlobalSection(ExtensibilityGlobals) = postSolution
		SolutionGuid = {237B4551-39C3-49BC-B557-F57DFC65FB09}
	EndGlobalSection
EndGlobal
